
Microsoft Visual Studio Solution File, Format Version 12.00
# Visual Studio Version 16
VisualStudioVersion = 16.0.30114.105
MinimumVisualStudioVersion = 10.0.40219.1
Project("{FAE04EC0-301F-11D3-BF4B-00C04F79EFBC}") = "Vidly2", "Vidly2\Vidly2.csproj", "{0F2C536B-3ADD-4B3B-80EC-B0B834A73D47}"
EndProject
Global
	GlobalSection(SolutionConfigurationPlatforms) = preSolution
		Debug|Any CPU = Debug|Any CPU
		Release|Any CPU = Release|Any CPU
		Testing|Any CPU = Testing|Any CPU
	EndGlobalSection
	GlobalSection(ProjectConfigurationPlatforms) = postSolution
		{0F2C536B-3ADD-4B3B-80EC-B0B834A73D47}.Debug|Any CPU.ActiveCfg = Debug|Any CPU
		{0F2C536B-3ADD-4B3B-80EC-B0B834A73D47}.Debug|Any CPU.Build.0 = Debug|Any CPU
		{0F2C536B-3ADD-4B3B-80EC-B0B834A73D47}.Release|Any CPU.ActiveCfg = Release|Any CPU
		{0F2C536B-3ADD-4B3B-80EC-B0B834A73D47}.Release|Any CPU.Build.0 = Release|Any CPU
		{0F2C536B-3ADD-4B3B-80EC-B0B834A73D47}.Testing|Any CPU.ActiveCfg = Testing|Any CPU
		{0F2C536B-3ADD-4B3B-80EC-B0B834A73D47}.Testing|Any CPU.Build.0 = Testing|Any CPU
	EndGlobalSection
	GlobalSection(SolutionProperties) = preSolution
		HideSolutionNode = FALSE
	EndGlobalSection
	GlobalSection(ExtensibilityGlobals) = postSolution
		SolutionGuid = {D48AF6E9-A0F9-46BC-B492-52A28100272C}
	EndGlobalSection
EndGlobal
